Microsoft Visual Studio Solution File, Format Version 12.00
# Visual Studio 14
VisualStudioVersion = 14.0.25420.1
MinimumVisualStudioVersion = 10.0.40219.1
Project("{2150E333-8FDC-42A3-9474-1A3956D46DE8}") = "Samples", "Samples", "{6B5C1795-B070-42B6-941A-382EB1E923C1}"
EndProject
Project("{FAE04EC0-301F-11D3-BF4B-00C04F79EFBC}") = "FormsSample", "Samples\Xamarin.Forms\FormsSample\FormsSample.csproj", "{9870CE21-0A4B-4A02-80F5-2AF2BAA78478}"
EndProject
Project("{FAE04EC0-301F-11D3-BF4B-00C04F79EFBC}") = "FormsSample.iOS", "Samples\Xamarin.Forms\iOS\FormsSample.iOS.csproj", "{ED40D9F0-9051-4457-9606-7133B8F3658B}"
EndProject
Project("{FAE04EC0-301F-11D3-BF4B-00C04F79EFBC}") = "FormsSample.Droid", "Samples\Xamarin.Forms\Droid\FormsSample.Droid.csproj", "{566D5DE1-98C9-46AF-9BE3-DAE5BAE9C7EC}"
EndProject
Project("{2150E333-8FDC-42A3-9474-1A3956D46DE8}") = "Xamarin.Forms", "Xamarin.Forms", "{3C34DE58-5C33-45F9-8785-34E027922950}"
EndProject
Project("{2150E333-8FDC-42A3-9474-1A3956D46DE8}") = "Xamarin.iOS", "Xamarin.iOS", "{A3A95057-9909-4589-8B06-8D09CC695191}"
EndProject
Project("{FAE04EC0-301F-11D3-BF4B-00C04F79EFBC}") = "TraditionalSample.iOS", "Samples\TraditionalSample.iOS\TraditionalSample.iOS.csproj", "{8610D9F5-6512-41A5-BD2F-9DAEAA38911D}"
EndProject
Project("{FAE04EC0-301F-11D3-BF4B-00C04F79EFBC}") = "AppServiceHelpers", "AppServiceHelpers.Mobile\AppServiceHelpers.csproj", "{33F1E859-A0A4-499B-B4EB-E23ADAE53621}"
EndProject
Project("{FAE04EC0-301F-11D3-BF4B-00C04F79EFBC}") = "AppServiceHelpers.Ext.iOS", "AppServiceHelpers.Ext.iOS\AppServiceHelpers.Ext.iOS.csproj", "{0548D193-073F-482C-B46F-E4DDC16BB358}"
EndProject
Project("{FAE04EC0-301F-11D3-BF4B-00C04F79EFBC}") = "AppServiceHelpers.Ext.Android", "AppServiceHelpers.Ext.Android\AppServiceHelpers.Ext.Android.csproj", "{14B06CD4-C86D-4EC1-9408-6B78B2F7107F}"
EndProject
Project("{FAE04EC0-301F-11D3-BF4B-00C04F79EFBC}") = "AppServiceHelpers.Ext.UWP", "AppServiceHelpers.Ext.UWP\AppServiceHelpers.Ext.UWP.csproj", "{4BD7140C-ED1F-402A-9108-30ACE9B5EA86}"
EndProject
Project("{FAE04EC0-301F-11D3-BF4B-00C04F79EFBC}") = "FormsSample.Windows", "Samples\Xamarin.Forms\Windows\FormsSample.Windows.csproj", "{D169829E-7169-407C-AA25-99A411F3F0F4}"
EndProject
Global
	GlobalSection(SolutionConfigurationPlatforms) = preSolution
		Debug|Any CPU = Debug|Any CPU
		Debug|ARM = Debug|ARM
		Debug|iPhone = Debug|iPhone
		Debug|iPhoneSimulator = Debug|iPhoneSimulator
		Debug|x64 = Debug|x64
		Debug|x86 = Debug|x86
		Release|Any CPU = Release|Any CPU
		Release|ARM = Release|ARM
		Release|iPhone = Release|iPhone
		Release|iPhoneSimulator = Release|iPhoneSimulator
		Release|x64 = Release|x64
		Release|x86 = Release|x86
	EndGlobalSection
	GlobalSection(ProjectConfigurationPlatforms) = postSolution
		{9870CE21-0A4B-4A02-80F5-2AF2BAA78478}.Debug|Any CPU.ActiveCfg = Debug|Any CPU
		{9870CE21-0A4B-4A02-80F5-2AF2BAA78478}.Debug|Any CPU.Build.0 = Debug|Any CPU
		{9870CE21-0A4B-4A02-80F5-2AF2BAA78478}.Debug|ARM.ActiveCfg = Debug|Any CPU
		{9870CE21-0A4B-4A02-80F5-2AF2BAA78478}.Debug|ARM.Build.0 = Debug|Any CPU
		{9870CE21-0A4B-4A02-80F5-2AF2BAA78478}.Debug|iPhone.ActiveCfg = Debug|Any CPU
		{9870CE21-0A4B-4A02-80F5-2AF2BAA78478}.Debug|iPhone.Build.0 = Debug|Any CPU
		{9870CE21-0A4B-4A02-80F5-2AF2BAA78478}.Debug|iPhoneSimulator.ActiveCfg = Debug|Any CPU
		{9870CE21-0A4B-4A02-80F5-2AF2BAA78478}.Debug|iPhoneSimulator.Build.0 = Debug|Any CPU
		{9870CE21-0A4B-4A02-80F5-2AF2BAA78478}.Debug|x64.ActiveCfg = Debug|Any CPU
		{9870CE21-0A4B-4A02-80F5-2AF2BAA78478}.Debug|x64.Build.0 = Debug|Any CPU
		{9870CE21-0A4B-4A02-80F5-2AF2BAA78478}.Debug|x86.ActiveCfg = Debug|Any CPU
		{9870CE21-0A4B-4A02-80F5-2AF2BAA78478}.Debug|x86.Build.0 = Debug|Any CPU
		{9870CE21-0A4B-4A02-80F5-2AF2BAA78478}.Release|Any CPU.ActiveCfg = Release|Any CPU
		{9870CE21-0A4B-4A02-80F5-2AF2BAA78478}.Release|Any CPU.Build.0 = Release|Any CPU
		{9870CE21-0A4B-4A02-80F5-2AF2BAA78478}.Release|ARM.ActiveCfg = Release|Any CPU
		{9870CE21-0A4B-4A02-80F5-2AF2BAA78478}.Release|ARM.Build.0 = Release|Any CPU
		{9870CE21-0A4B-4A02-80F5-2AF2BAA78478}.Release|iPhone.ActiveCfg = Release|Any CPU
		{9870CE21-0A4B-4A02-80F5-2AF2BAA78478}.Release|iPhone.Build.0 = Release|Any CPU
		{9870CE21-0A4B-4A02-80F5-2AF2BAA78478}.Release|iPhoneSimulator.ActiveCfg = Release|Any CPU
		{9870CE21-0A4B-4A02-80F5-2AF2BAA78478}.Release|iPhoneSimulator.Build.0 = Release|Any CPU
		{9870CE21-0A4B-4A02-80F5-2AF2BAA78478}.Release|x64.ActiveCfg = Release|Any CPU
		{9870CE21-0A4B-4A02-80F5-2AF2BAA78478}.Release|x64.Build.0 = Release|Any CPU
		{9870CE21-0A4B-4A02-80F5-2AF2BAA78478}.Release|x86.ActiveCfg = Release|Any CPU
		{9870CE21-0A4B-4A02-80F5-2AF2BAA78478}.Release|x86.Build.0 = Release|Any CPU
		{ED40D9F0-9051-4457-9606-7133B8F3658B}.Debug|Any CPU.ActiveCfg = Debug|iPhoneSimulator
		{ED40D9F0-9051-4457-9606-7133B8F3658B}.Debug|Any CPU.Build.0 = Debug|iPhoneSimulator
		{ED40D9F0-9051-4457-9606-7133B8F3658B}.Debug|ARM.ActiveCfg = Debug|iPhone
		{ED40D9F0-9051-4457-9606-7133B8F3658B}.Debug|iPhone.ActiveCfg = Debug|iPhone
		{ED40D9F0-9051-4457-9606-7133B8F3658B}.Debug|iPhone.Build.0 = Debug|iPhone
		{ED40D9F0-9051-4457-9606-7133B8F3658B}.Debug|iPhoneSimulator.ActiveCfg = Debug|iPhoneSimulator
		{ED40D9F0-9051-4457-9606-7133B8F3658B}.Debug|iPhoneSimulator.Build.0 = Debug|iPhoneSimulator
		{ED40D9F0-9051-4457-9606-7133B8F3658B}.Debug|x64.ActiveCfg = Debug|iPhone
		{ED40D9F0-9051-4457-9606-7133B8F3658B}.Debug|x86.ActiveCfg = Debug|iPhone
		{ED40D9F0-9051-4457-9606-7133B8F3658B}.Release|Any CPU.ActiveCfg = Debug|iPhoneSimulator
		{ED40D9F0-9051-4457-9606-7133B8F3658B}.Release|Any CPU.Build.0 = Debug|iPhoneSimulator
		{ED40D9F0-9051-4457-9606-7133B8F3658B}.Release|ARM.ActiveCfg = Release|iPhoneSimulator
		{ED40D9F0-9051-4457-9606-7133B8F3658B}.Release|iPhone.ActiveCfg = Release|iPhone
		{ED40D9F0-9051-4457-9606-7133B8F3658B}.Release|iPhone.Build.0 = Release|iPhone
		{ED40D9F0-9051-4457-9606-7133B8F3658B}.Release|iPhoneSimulator.ActiveCfg = Release|iPhoneSimulator
		{ED40D9F0-9051-4457-9606-7133B8F3658B}.Release|iPhoneSimulator.Build.0 = Release|iPhoneSimulator
		{ED40D9F0-9051-4457-9606-7133B8F3658B}.Release|x64.ActiveCfg = Release|iPhoneSimulator
		{ED40D9F0-9051-4457-9606-7133B8F3658B}.Release|x86.ActiveCfg = Release|iPhoneSimulator
		{566D5DE1-98C9-46AF-9BE3-DAE5BAE9C7EC}.Debug|Any CPU.ActiveCfg = Debug|Any CPU
		{566D5DE1-98C9-46AF-9BE3-DAE5BAE9C7EC}.Debug|Any CPU.Build.0 = Debug|Any CPU
		{566D5DE1-98C9-46AF-9BE3-DAE5BAE9C7EC}.Debug|ARM.ActiveCfg = Debug|Any CPU
		{566D5DE1-98C9-46AF-9BE3-DAE5BAE9C7EC}.Debug|ARM.Build.0 = Debug|Any CPU
		{566D5DE1-98C9-46AF-9BE3-DAE5BAE9C7EC}.Debug|ARM.Deploy.0 = Debug|Any CPU
		{566D5DE1-98C9-46AF-9BE3-DAE5BAE9C7EC}.Debug|iPhone.ActiveCfg = Debug|Any CPU
		{566D5DE1-98C9-46AF-9BE3-DAE5BAE9C7EC}.Debug|iPhone.Build.0 = Debug|Any CPU
		{566D5DE1-98C9-46AF-9BE3-DAE5BAE9C7EC}.Debug|iPhoneSimulator.ActiveCfg = Debug|Any CPU
		{566D5DE1-98C9-46AF-9BE3-DAE5BAE9C7EC}.Debug|iPhoneSimulator.Build.0 = Debug|Any CPU
		{566D5DE1-98C9-46AF-9BE3-DAE5BAE9C7EC}.Debug|x64.ActiveCfg = Debug|Any CPU
		{566D5DE1-98C9-46AF-9BE3-DAE5BAE9C7EC}.Debug|x64.Build.0 = Debug|Any CPU
		{566D5DE1-98C9-46AF-9BE3-DAE5BAE9C7EC}.Debug|x64.Deploy.0 = Debug|Any CPU
		{566D5DE1-98C9-46AF-9BE3-DAE5BAE9C7EC}.Debug|x86.ActiveCfg = Debug|Any CPU
		{566D5DE1-98C9-46AF-9BE3-DAE5BAE9C7EC}.Debug|x86.Build.0 = Debug|Any CPU
		{566D5DE1-98C9-46AF-9BE3-DAE5BAE9C7EC}.Debug|x86.Deploy.0 = Debug|Any CPU
		{566D5DE1-98C9-46AF-9BE3-DAE5BAE9C7EC}.Release|Any CPU.ActiveCfg = Release|Any CPU
		{566D5DE1-98C9-46AF-9BE3-DAE5BAE9C7EC}.Release|Any CPU.Build.0 = Release|Any CPU
		{566D5DE1-98C9-46AF-9BE3-DAE5BAE9C7EC}.Release|ARM.ActiveCfg = Release|Any CPU
		{566D5DE1-98C9-46AF-9BE3-DAE5BAE9C7EC}.Release|ARM.Build.0 = Release|Any CPU
		{566D5DE1-98C9-46AF-9BE3-DAE5BAE9C7EC}.Release|ARM.Deploy.0 = Release|Any CPU
		{566D5DE1-98C9-46AF-9BE3-DAE5BAE9C7EC}.Release|iPhone.ActiveCfg = Release|Any CPU
		{566D5DE1-98C9-46AF-9BE3-DAE5BAE9C7EC}.Release|iPhone.Build.0 = Release|Any CPU
		{566D5DE1-98C9-46AF-9BE3-DAE5BAE9C7EC}.Release|iPhoneSimulator.ActiveCfg = Release|Any CPU
		{566D5DE1-98C9-46AF-9BE3-DAE5BAE9C7EC}.Release|iPhoneSimulator.Build.0 = Release|Any CPU
		{566D5DE1-98C9-46AF-9BE3-DAE5BAE9C7EC}.Release|x64.ActiveCfg = Release|Any CPU
		{566D5DE1-98C9-46AF-9BE3-DAE5BAE9C7EC}.Release|x64.Build.0 = Release|Any CPU
		{566D5DE1-98C9-46AF-9BE3-DAE5BAE9C7EC}.Release|x64.Deploy.0 = Release|Any CPU
		{566D5DE1-98C9-46AF-9BE3-DAE5BAE9C7EC}.Release|x86.ActiveCfg = Release|Any CPU
		{566D5DE1-98C9-46AF-9BE3-DAE5BAE9C7EC}.Release|x86.Build.0 = Release|Any CPU
		{566D5DE1-98C9-46AF-9BE3-DAE5BAE9C7EC}.Release|x86.Deploy.0 = Release|Any CPU
		{8610D9F5-6512-41A5-BD2F-9DAEAA38911D}.Debug|Any CPU.ActiveCfg = Debug|iPhoneSimulator
		{8610D9F5-6512-41A5-BD2F-9DAEAA38911D}.Debug|Any CPU.Build.0 = Debug|iPhoneSimulator
		{8610D9F5-6512-41A5-BD2F-9DAEAA38911D}.Debug|ARM.ActiveCfg = Debug|iPhone
		{8610D9F5-6512-41A5-BD2F-9DAEAA38911D}.Debug|iPhone.ActiveCfg = Debug|iPhone
		{8610D9F5-6512-41A5-BD2F-9DAEAA38911D}.Debug|iPhone.Build.0 = Debug|iPhone
		{8610D9F5-6512-41A5-BD2F-9DAEAA38911D}.Debug|iPhoneSimulator.ActiveCfg = Debug|iPhoneSimulator
		{8610D9F5-6512-41A5-BD2F-9DAEAA38911D}.Debug|iPhoneSimulator.Build.0 = Debug|iPhoneSimulator
		{8610D9F5-6512-41A5-BD2F-9DAEAA38911D}.Debug|x64.ActiveCfg = Debug|iPhone
		{8610D9F5-6512-41A5-BD2F-9DAEAA38911D}.Debug|x86.ActiveCfg = Debug|iPhone
		{8610D9F5-6512-41A5-BD2F-9DAEAA38911D}.Release|Any CPU.ActiveCfg = Debug|iPhoneSimulator
		{8610D9F5-6512-41A5-BD2F-9DAEAA38911D}.Release|Any CPU.Build.0 = Debug|iPhoneSimulator
		{8610D9F5-6512-41A5-BD2F-9DAEAA38911D}.Release|ARM.ActiveCfg = Release|iPhoneSimulator
		{8610D9F5-6512-41A5-BD2F-9DAEAA38911D}.Release|iPhone.ActiveCfg = Release|iPhone
		{8610D9F5-6512-41A5-BD2F-9DAEAA38911D}.Release|iPhone.Build.0 = Release|iPhone
		{8610D9F5-6512-41A5-BD2F-9DAEAA38911D}.Release|iPhoneSimulator.ActiveCfg = Release|iPhoneSimulator
		{8610D9F5-6512-41A5-BD2F-9DAEAA38911D}.Release|iPhoneSimulator.Build.0 = Release|iPhoneSimulator
		{8610D9F5-6512-41A5-BD2F-9DAEAA38911D}.Release|x64.ActiveCfg = Release|iPhoneSimulator
		{8610D9F5-6512-41A5-BD2F-9DAEAA38911D}.Release|x86.ActiveCfg = Release|iPhoneSimulator
		{33F1E859-A0A4-499B-B4EB-E23ADAE53621}.Debug|Any CPU.ActiveCfg = Debug|Any CPU
		{33F1E859-A0A4-499B-B4EB-E23ADAE53621}.Debug|Any CPU.Build.0 = Debug|Any CPU
		{33F1E859-A0A4-499B-B4EB-E23ADAE53621}.Debug|ARM.ActiveCfg = Debug|Any CPU
		{33F1E859-A0A4-499B-B4EB-E23ADAE53621}.Debug|ARM.Build.0 = Debug|Any CPU
		{33F1E859-A0A4-499B-B4EB-E23ADAE53621}.Debug|iPhone.ActiveCfg = Debug|Any CPU
		{33F1E859-A0A4-499B-B4EB-E23ADAE53621}.Debug|iPhone.Build.0 = Debug|Any CPU
		{33F1E859-A0A4-499B-B4EB-E23ADAE53621}.Debug|iPhoneSimulator.ActiveCfg = Debug|Any CPU
		{33F1E859-A0A4-499B-B4EB-E23ADAE53621}.Debug|iPhoneSimulator.Build.0 = Debug|Any CPU
		{33F1E859-A0A4-499B-B4EB-E23ADAE53621}.Debug|x64.ActiveCfg = Debug|Any CPU
		{33F1E859-A0A4-499B-B4EB-E23ADAE53621}.Debug|x64.Build.0 = Debug|Any CPU
		{33F1E859-A0A4-499B-B4EB-E23ADAE53621}.Debug|x86.ActiveCfg = Debug|Any CPU
		{33F1E859-A0A4-499B-B4EB-E23ADAE53621}.Debug|x86.Build.0 = Debug|Any CPU
		{33F1E859-A0A4-499B-B4EB-E23ADAE53621}.Release|Any CPU.ActiveCfg = Release|Any CPU
		{33F1E859-A0A4-499B-B4EB-E23ADAE53621}.Release|Any CPU.Build.0 = Release|Any CPU
		{33F1E859-A0A4-499B-B4EB-E23ADAE53621}.Release|ARM.ActiveCfg = Release|Any CPU
		{33F1E859-A0A4-499B-B4EB-E23ADAE53621}.Release|ARM.Build.0 = Release|Any CPU
		{33F1E859-A0A4-499B-B4EB-E23ADAE53621}.Release|iPhone.ActiveCfg = Release|Any CPU
		{33F1E859-A0A4-499B-B4EB-E23ADAE53621}.Release|iPhone.Build.0 = Release|Any CPU
		{33F1E859-A0A4-499B-B4EB-E23ADAE53621}.Release|iPhoneSimulator.ActiveCfg = Release|Any CPU
		{33F1E859-A0A4-499B-B4EB-E23ADAE53621}.Release|iPhoneSimulator.Build.0 = Release|Any CPU
		{33F1E859-A0A4-499B-B4EB-E23ADAE53621}.Release|x64.ActiveCfg = Release|Any CPU
		{33F1E859-A0A4-499B-B4EB-E23ADAE53621}.Release|x64.Build.0 = Release|Any CPU
		{33F1E859-A0A4-499B-B4EB-E23ADAE53621}.Release|x86.ActiveCfg = Release|Any CPU
		{33F1E859-A0A4-499B-B4EB-E23ADAE53621}.Release|x86.Build.0 = Release|Any CPU
		{0548D193-073F-482C-B46F-E4DDC16BB358}.Debug|Any CPU.ActiveCfg = Debug|Any CPU
		{0548D193-073F-482C-B46F-E4DDC16BB358}.Debug|Any CPU.Build.0 = Debug|Any CPU
		{0548D193-073F-482C-B46F-E4DDC16BB358}.Debug|ARM.ActiveCfg = Debug|Any CPU
		{0548D193-073F-482C-B46F-E4DDC16BB358}.Debug|ARM.Build.0 = Debug|Any CPU
		{0548D193-073F-482C-B46F-E4DDC16BB358}.Debug|iPhone.ActiveCfg = Debug|Any CPU
		{0548D193-073F-482C-B46F-E4DDC16BB358}.Debug|iPhone.Build.0 = Debug|Any CPU
		{0548D193-073F-482C-B46F-E4DDC16BB358}.Debug|iPhoneSimulator.ActiveCfg = Debug|Any CPU
		{0548D193-073F-482C-B46F-E4DDC16BB358}.Debug|iPhoneSimulator.Build.0 = Debug|Any CPU
		{0548D193-073F-482C-B46F-E4DDC16BB358}.Debug|x64.ActiveCfg = Debug|Any CPU
		{0548D193-073F-482C-B46F-E4DDC16BB358}.Debug|x64.Build.0 = Debug|Any CPU
		{0548D193-073F-482C-B46F-E4DDC16BB358}.Debug|x86.ActiveCfg = Debug|Any CPU
		{0548D193-073F-482C-B46F-E4DDC16BB358}.Debug|x86.Build.0 = Debug|Any CPU
		{0548D193-073F-482C-B46F-E4DDC16BB358}.Release|Any CPU.ActiveCfg = Release|Any CPU
		{0548D193-073F-482C-B46F-E4DDC16BB358}.Release|Any CPU.Build.0 = Release|Any CPU
		{0548D193-073F-482C-B46F-E4DDC16BB358}.Release|ARM.ActiveCfg = Release|Any CPU
		{0548D193-073F-482C-B46F-E4DDC16BB358}.Release|ARM.Build.0 = Release|Any CPU
		{0548D193-073F-482C-B46F-E4DDC16BB358}.Release|iPhone.ActiveCfg = Release|Any CPU
		{0548D193-073F-482C-B46F-E4DDC16BB358}.Release|iPhone.Build.0 = Release|Any CPU
		{0548D193-073F-482C-B46F-E4DDC16BB358}.Release|iPhoneSimulator.ActiveCfg = Release|Any CPU
		{0548D193-073F-482C-B46F-E4DDC16BB358}.Release|iPhoneSimulator.Build.0 = Release|Any CPU
		{0548D193-073F-482C-B46F-E4DDC16BB358}.Release|x64.ActiveCfg = Release|Any CPU
		{0548D193-073F-482C-B46F-E4DDC16BB358}.Release|x64.Build.0 = Release|Any CPU
		{0548D193-073F-482C-B46F-E4DDC16BB358}.Release|x86.ActiveCfg = Release|Any CPU
		{0548D193-073F-482C-B46F-E4DDC16BB358}.Release|x86.Build.0 = Release|Any CPU
		{14B06CD4-C86D-4EC1-9408-6B78B2F7107F}.Debug|Any CPU.ActiveCfg = Debug|Any CPU
		{14B06CD4-C86D-4EC1-9408-6B78B2F7107F}.Debug|Any CPU.Build.0 = Debug|Any CPU
		{14B06CD4-C86D-4EC1-9408-6B78B2F7107F}.Debug|ARM.ActiveCfg = Debug|Any CPU
		{14B06CD4-C86D-4EC1-9408-6B78B2F7107F}.Debug|ARM.Build.0 = Debug|Any CPU
		{14B06CD4-C86D-4EC1-9408-6B78B2F7107F}.Debug|iPhone.ActiveCfg = Debug|Any CPU
		{14B06CD4-C86D-4EC1-9408-6B78B2F7107F}.Debug|iPhone.Build.0 = Debug|Any CPU
		{14B06CD4-C86D-4EC1-9408-6B78B2F7107F}.Debug|iPhoneSimulator.ActiveCfg = Debug|Any CPU
		{14B06CD4-C86D-4EC1-9408-6B78B2F7107F}.Debug|iPhoneSimulator.Build.0 = Debug|Any CPU
		{14B06CD4-C86D-4EC1-9408-6B78B2F7107F}.Debug|x64.ActiveCfg = Debug|Any CPU
		{14B06CD4-C86D-4EC1-9408-6B78B2F7107F}.Debug|x64.Build.0 = Debug|Any CPU
		{14B06CD4-C86D-4EC1-9408-6B78B2F7107F}.Debug|x86.ActiveCfg = Debug|Any CPU
		{14B06CD4-C86D-4EC1-9408-6B78B2F7107F}.Debug|x86.Build.0 = Debug|Any CPU
		{14B06CD4-C86D-4EC1-9408-6B78B2F7107F}.Release|Any CPU.ActiveCfg = Release|Any CPU
		{14B06CD4-C86D-4EC1-9408-6B78B2F7107F}.Release|Any CPU.Build.0 = Release|Any CPU
		{14B06CD4-C86D-4EC1-9408-6B78B2F7107F}.Release|ARM.ActiveCfg = Release|Any CPU
		{14B06CD4-C86D-4EC1-9408-6B78B2F7107F}.Release|ARM.Build.0 = Release|Any CPU
		{14B06CD4-C86D-4EC1-9408-6B78B2F7107F}.Release|iPhone.ActiveCfg = Release|Any CPU
		{14B06CD4-C86D-4EC1-9408-6B78B2F7107F}.Release|iPhone.Build.0 = Release|Any CPU
		{14B06CD4-C86D-4EC1-9408-6B78B2F7107F}.Release|iPhoneSimulator.ActiveCfg = Release|Any CPU
		{14B06CD4-C86D-4EC1-9408-6B78B2F7107F}.Release|iPhoneSimulator.Build.0 = Release|Any CPU
		{14B06CD4-C86D-4EC1-9408-6B78B2F7107F}.Release|x64.ActiveCfg = Release|Any CPU
		{14B06CD4-C86D-4EC1-9408-6B78B2F7107F}.Release|x64.Build.0 = Release|Any CPU
		{14B06CD4-C86D-4EC1-9408-6B78B2F7107F}.Release|x86.ActiveCfg = Release|Any CPU
		{14B06CD4-C86D-4EC1-9408-6B78B2F7107F}.Release|x86.Build.0 = Release|Any CPU
		{4BD7140C-ED1F-402A-9108-30ACE9B5EA86}.Debug|Any CPU.ActiveCfg = Debug|Any CPU
		{4BD7140C-ED1F-402A-9108-30ACE9B5EA86}.Debug|Any CPU.Build.0 = Debug|Any CPU
		{4BD7140C-ED1F-402A-9108-30ACE9B5EA86}.Debug|ARM.ActiveCfg = Debug|ARM
		{4BD7140C-ED1F-402A-9108-30ACE9B5EA86}.Debug|ARM.Build.0 = Debug|ARM
		{4BD7140C-ED1F-402A-9108-30ACE9B5EA86}.Debug|iPhone.ActiveCfg = Debug|Any CPU
		{4BD7140C-ED1F-402A-9108-30ACE9B5EA86}.Debug|iPhone.Build.0 = Debug|Any CPU
		{4BD7140C-ED1F-402A-9108-30ACE9B5EA86}.Debug|iPhoneSimulator.ActiveCfg = Debug|Any CPU
		{4BD7140C-ED1F-402A-9108-30ACE9B5EA86}.Debug|iPhoneSimulator.Build.0 = Debug|Any CPU
		{4BD7140C-ED1F-402A-9108-30ACE9B5EA86}.Debug|x64.ActiveCfg = Debug|x64
		{4BD7140C-ED1F-402A-9108-30ACE9B5EA86}.Debug|x64.Build.0 = Debug|x64
		{4BD7140C-ED1F-402A-9108-30ACE9B5EA86}.Debug|x86.ActiveCfg = Debug|x86
		{4BD7140C-ED1F-402A-9108-30ACE9B5EA86}.Debug|x86.Build.0 = Debug|x86
		{4BD7140C-ED1F-402A-9108-30ACE9B5EA86}.Release|Any CPU.ActiveCfg = Release|Any CPU
		{4BD7140C-ED1F-402A-9108-30ACE9B5EA86}.Release|Any CPU.Build.0 = Release|Any CPU
		{4BD7140C-ED1F-402A-9108-30ACE9B5EA86}.Release|ARM.ActiveCfg = Release|ARM
		{4BD7140C-ED1F-402A-9108-30ACE9B5EA86}.Release|ARM.Build.0 = Release|ARM
		{4BD7140C-ED1F-402A-9108-30ACE9B5EA86}.Release|iPhone.ActiveCfg = Release|Any CPU
		{4BD7140C-ED1F-402A-9108-30ACE9B5EA86}.Release|iPhone.Build.0 = Release|Any CPU
		{4BD7140C-ED1F-402A-9108-30ACE9B5EA86}.Release|iPhoneSimulator.ActiveCfg = Release|Any CPU
		{4BD7140C-ED1F-402A-9108-30ACE9B5EA86}.Release|iPhoneSimulator.Build.0 = Release|Any CPU
		{4BD7140C-ED1F-402A-9108-30ACE9B5EA86}.Release|x64.ActiveCfg = Release|x64
		{4BD7140C-ED1F-402A-9108-30ACE9B5EA86}.Release|x64.Build.0 = Release|x64
		{4BD7140C-ED1F-402A-9108-30ACE9B5EA86}.Release|x86.ActiveCfg = Release|x86
		{4BD7140C-ED1F-402A-9108-30ACE9B5EA86}.Release|x86.Build.0 = Release|x86
		{D169829E-7169-407C-AA25-99A411F3F0F4}.Debug|Any CPU.ActiveCfg = Debug|x86
		{D169829E-7169-407C-AA25-99A411F3F0F4}.Debug|Any CPU.Build.0 = Debug|x86
		{D169829E-7169-407C-AA25-99A411F3F0F4}.Debug|ARM.ActiveCfg = Debug|ARM
		{D169829E-7169-407C-AA25-99A411F3F0F4}.Debug|ARM.Build.0 = Debug|ARM
		{D169829E-7169-407C-AA25-99A411F3F0F4}.Debug|iPhone.ActiveCfg = Debug|x86
		{D169829E-7169-407C-AA25-99A411F3F0F4}.Debug|iPhone.Build.0 = Debug|x86
		{D169829E-7169-407C-AA25-99A411F3F0F4}.Debug|iPhoneSimulator.ActiveCfg = Debug|x86
		{D169829E-7169-407C-AA25-99A411F3F0F4}.Debug|iPhoneSimulator.Build.0 = Debug|x86
		{D169829E-7169-407C-AA25-99A411F3F0F4}.Debug|x64.ActiveCfg = Debug|x64
		{D169829E-7169-407C-AA25-99A411F3F0F4}.Debug|x64.Build.0 = Debug|x64
		{D169829E-7169-407C-AA25-99A411F3F0F4}.Debug|x86.ActiveCfg = Debug|x86
		{D169829E-7169-407C-AA25-99A411F3F0F4}.Debug|x86.Build.0 = Debug|x86
		{D169829E-7169-407C-AA25-99A411F3F0F4}.Release|Any CPU.ActiveCfg = Release|x86
		{D169829E-7169-407C-AA25-99A411F3F0F4}.Release|Any CPU.Build.0 = Release|x86
		{D169829E-7169-407C-AA25-99A411F3F0F4}.Release|ARM.ActiveCfg = Release|ARM
		{D169829E-7169-407C-AA25-99A411F3F0F4}.Release|ARM.Build.0 = Release|ARM
		{D169829E-7169-407C-AA25-99A411F3F0F4}.Release|iPhone.ActiveCfg = Release|x86
		{D169829E-7169-407C-AA25-99A411F3F0F4}.Release|iPhone.Build.0 = Release|x86
		{D169829E-7169-407C-AA25-99A411F3F0F4}.Release|iPhoneSimulator.ActiveCfg = Release|x86
		{D169829E-7169-407C-AA25-99A411F3F0F4}.Release|iPhoneSimulator.Build.0 = Release|x86
		{D169829E-7169-407C-AA25-99A411F3F0F4}.Release|x64.ActiveCfg = Release|x64
		{D169829E-7169-407C-AA25-99A411F3F0F4}.Release|x64.Build.0 = Release|x64
		{D169829E-7169-407C-AA25-99A411F3F0F4}.Release|x86.ActiveCfg = Release|x86
		{D169829E-7169-407C-AA25-99A411F3F0F4}.Release|x86.Build.0 = Release|x86
	EndGlobalSection
	GlobalSection(SolutionProperties) = preSolution
		HideSolutionNode = FALSE
	EndGlobalSection
	GlobalSection(NestedProjects) = preSolution
		{9870CE21-0A4B-4A02-80F5-2AF2BAA78478} = {3C34DE58-5C33-45F9-8785-34E027922950}
		{ED40D9F0-9051-4457-9606-7133B8F3658B} = {3C34DE58-5C33-45F9-8785-34E027922950}
		{566D5DE1-98C9-46AF-9BE3-DAE5BAE9C7EC} = {3C34DE58-5C33-45F9-8785-34E027922950}
		{3C34DE58-5C33-45F9-8785-34E027922950} = {6B5C1795-B070-42B6-941A-382EB1E923C1}
		{A3A95057-9909-4589-8B06-8D09CC695191} = {6B5C1795-B070-42B6-941A-382EB1E923C1}
		{8610D9F5-6512-41A5-BD2F-9DAEAA38911D} = {A3A95057-9909-4589-8B06-8D09CC695191}
		{D169829E-7169-407C-AA25-99A411F3F0F4} = {3C34DE58-5C33-45F9-8785-34E027922950}
	EndGlobalSection
EndGlobal
