
Microsoft Visual Studio Solution File, Format Version 12.00
# Visual Studio 2012
Project("{2150E333-8FDC-42A3-9474-1A3956D46DE8}") = "Samples", "Samples", "{6B5C1795-B070-42B6-941A-382EB1E923C1}"
EndProject
Project("{FAE04EC0-301F-11D3-BF4B-00C04F79EFBC}") = "FormsSample", "Samples\Xamarin.Forms\FormsSample\FormsSample.csproj", "{9870CE21-0A4B-4A02-80F5-2AF2BAA78478}"
EndProject
Project("{FAE04EC0-301F-11D3-BF4B-00C04F79EFBC}") = "FormsSample.iOS", "Samples\Xamarin.Forms\iOS\FormsSample.iOS.csproj", "{ED40D9F0-9051-4457-9606-7133B8F3658B}"
EndProject
Project("{FAE04EC0-301F-11D3-BF4B-00C04F79EFBC}") = "FormsSample.Droid", "Samples\Xamarin.Forms\Droid\FormsSample.Droid.csproj", "{566D5DE1-98C9-46AF-9BE3-DAE5BAE9C7EC}"
EndProject
Project("{2150E333-8FDC-42A3-9474-1A3956D46DE8}") = "Xamarin.Forms", "Xamarin.Forms", "{3C34DE58-5C33-45F9-8785-34E027922950}"
EndProject
Project("{2150E333-8FDC-42A3-9474-1A3956D46DE8}") = "Xamarin.iOS", "Xamarin.iOS", "{A3A95057-9909-4589-8B06-8D09CC695191}"
EndProject
Project("{FAE04EC0-301F-11D3-BF4B-00C04F79EFBC}") = "TraditionalSample.iOS", "Samples\TraditionalSample.iOS\TraditionalSample.iOS.csproj", "{8610D9F5-6512-41A5-BD2F-9DAEAA38911D}"
EndProject
Project("{FAE04EC0-301F-11D3-BF4B-00C04F79EFBC}") = "AppServiceHelpers", "AppServiceHelpers.Mobile\AppServiceHelpers.csproj", "{33F1E859-A0A4-499B-B4EB-E23ADAE53621}"
EndProject
Project("{FAE04EC0-301F-11D3-BF4B-00C04F79EFBC}") = "AppServiceHelpers.Platform.iOS", "AppServiceHelpers.Platform.iOS\AppServiceHelpers.Platform.iOS.csproj", "{A591D34F-F73C-46F0-8D72-F2BEA0E454D0}"
EndProject
Project("{FAE04EC0-301F-11D3-BF4B-00C04F79EFBC}") = "AppServiceHelpers.Platform.Android", "AppServiceHelpers.Platform.Android\AppServiceHelpers.Platform.Android.csproj", "{90118A75-7F4C-4211-94B5-17E29A46E880}"
EndProject
Project("{FAE04EC0-301F-11D3-BF4B-00C04F79EFBC}") = "AppServiceHelpers.Logger.Insights", "AppServiceHelpers.Logger.Insights\AppServiceHelpers.Logger.Insights.csproj", "{ECFDEB68-019C-4D87-BC70-A2F951C1BC87}"
EndProject
Project("{2150E333-8FDC-42A3-9474-1A3956D46DE8}") = "Loggers", "Loggers", "{C0AB8D37-8776-4831-B3CE-48E800A9535D}"
EndProject
Global
	GlobalSection(SolutionConfigurationPlatforms) = preSolution
		Debug|Any CPU = Debug|Any CPU
		Release|Any CPU = Release|Any CPU
		Debug|iPhoneSimulator = Debug|iPhoneSimulator
		Release|iPhone = Release|iPhone
		Release|iPhoneSimulator = Release|iPhoneSimulator
		Debug|iPhone = Debug|iPhone
	EndGlobalSection
	GlobalSection(ProjectConfigurationPlatforms) = postSolution
		{9870CE21-0A4B-4A02-80F5-2AF2BAA78478}.Debug|Any CPU.ActiveCfg = Debug|Any CPU
		{9870CE21-0A4B-4A02-80F5-2AF2BAA78478}.Debug|Any CPU.Build.0 = Debug|Any CPU
		{9870CE21-0A4B-4A02-80F5-2AF2BAA78478}.Release|Any CPU.ActiveCfg = Release|Any CPU
		{9870CE21-0A4B-4A02-80F5-2AF2BAA78478}.Release|Any CPU.Build.0 = Release|Any CPU
		{9870CE21-0A4B-4A02-80F5-2AF2BAA78478}.Debug|iPhoneSimulator.ActiveCfg = Debug|Any CPU
		{9870CE21-0A4B-4A02-80F5-2AF2BAA78478}.Debug|iPhoneSimulator.Build.0 = Debug|Any CPU
		{9870CE21-0A4B-4A02-80F5-2AF2BAA78478}.Release|iPhone.ActiveCfg = Release|Any CPU
		{9870CE21-0A4B-4A02-80F5-2AF2BAA78478}.Release|iPhone.Build.0 = Release|Any CPU
		{9870CE21-0A4B-4A02-80F5-2AF2BAA78478}.Release|iPhoneSimulator.ActiveCfg = Release|Any CPU
		{9870CE21-0A4B-4A02-80F5-2AF2BAA78478}.Release|iPhoneSimulator.Build.0 = Release|Any CPU
		{9870CE21-0A4B-4A02-80F5-2AF2BAA78478}.Debug|iPhone.ActiveCfg = Debug|Any CPU
		{9870CE21-0A4B-4A02-80F5-2AF2BAA78478}.Debug|iPhone.Build.0 = Debug|Any CPU
		{ED40D9F0-9051-4457-9606-7133B8F3658B}.Debug|Any CPU.ActiveCfg = Debug|iPhoneSimulator
		{ED40D9F0-9051-4457-9606-7133B8F3658B}.Debug|Any CPU.Build.0 = Debug|iPhoneSimulator
		{ED40D9F0-9051-4457-9606-7133B8F3658B}.Release|Any CPU.ActiveCfg = Debug|iPhoneSimulator
		{ED40D9F0-9051-4457-9606-7133B8F3658B}.Release|Any CPU.Build.0 = Debug|iPhoneSimulator
		{ED40D9F0-9051-4457-9606-7133B8F3658B}.Debug|iPhoneSimulator.ActiveCfg = Debug|iPhoneSimulator
		{ED40D9F0-9051-4457-9606-7133B8F3658B}.Debug|iPhoneSimulator.Build.0 = Debug|iPhoneSimulator
		{ED40D9F0-9051-4457-9606-7133B8F3658B}.Release|iPhone.ActiveCfg = Release|iPhone
		{ED40D9F0-9051-4457-9606-7133B8F3658B}.Release|iPhone.Build.0 = Release|iPhone
		{ED40D9F0-9051-4457-9606-7133B8F3658B}.Release|iPhoneSimulator.ActiveCfg = Release|iPhoneSimulator
		{ED40D9F0-9051-4457-9606-7133B8F3658B}.Release|iPhoneSimulator.Build.0 = Release|iPhoneSimulator
		{ED40D9F0-9051-4457-9606-7133B8F3658B}.Debug|iPhone.ActiveCfg = Debug|iPhone
		{ED40D9F0-9051-4457-9606-7133B8F3658B}.Debug|iPhone.Build.0 = Debug|iPhone
		{566D5DE1-98C9-46AF-9BE3-DAE5BAE9C7EC}.Debug|Any CPU.ActiveCfg = Debug|Any CPU
		{566D5DE1-98C9-46AF-9BE3-DAE5BAE9C7EC}.Debug|Any CPU.Build.0 = Debug|Any CPU
		{566D5DE1-98C9-46AF-9BE3-DAE5BAE9C7EC}.Release|Any CPU.ActiveCfg = Release|Any CPU
		{566D5DE1-98C9-46AF-9BE3-DAE5BAE9C7EC}.Release|Any CPU.Build.0 = Release|Any CPU
		{566D5DE1-98C9-46AF-9BE3-DAE5BAE9C7EC}.Debug|iPhoneSimulator.ActiveCfg = Debug|Any CPU
		{566D5DE1-98C9-46AF-9BE3-DAE5BAE9C7EC}.Debug|iPhoneSimulator.Build.0 = Debug|Any CPU
		{566D5DE1-98C9-46AF-9BE3-DAE5BAE9C7EC}.Release|iPhone.ActiveCfg = Release|Any CPU
		{566D5DE1-98C9-46AF-9BE3-DAE5BAE9C7EC}.Release|iPhone.Build.0 = Release|Any CPU
		{566D5DE1-98C9-46AF-9BE3-DAE5BAE9C7EC}.Release|iPhoneSimulator.ActiveCfg = Release|Any CPU
		{566D5DE1-98C9-46AF-9BE3-DAE5BAE9C7EC}.Release|iPhoneSimulator.Build.0 = Release|Any CPU
		{566D5DE1-98C9-46AF-9BE3-DAE5BAE9C7EC}.Debug|iPhone.ActiveCfg = Debug|Any CPU
		{566D5DE1-98C9-46AF-9BE3-DAE5BAE9C7EC}.Debug|iPhone.Build.0 = Debug|Any CPU
		{8610D9F5-6512-41A5-BD2F-9DAEAA38911D}.Debug|Any CPU.ActiveCfg = Debug|iPhoneSimulator
		{8610D9F5-6512-41A5-BD2F-9DAEAA38911D}.Debug|Any CPU.Build.0 = Debug|iPhoneSimulator
		{8610D9F5-6512-41A5-BD2F-9DAEAA38911D}.Release|Any CPU.ActiveCfg = Debug|iPhoneSimulator
		{8610D9F5-6512-41A5-BD2F-9DAEAA38911D}.Release|Any CPU.Build.0 = Debug|iPhoneSimulator
		{8610D9F5-6512-41A5-BD2F-9DAEAA38911D}.Debug|iPhoneSimulator.ActiveCfg = Debug|iPhoneSimulator
		{8610D9F5-6512-41A5-BD2F-9DAEAA38911D}.Debug|iPhoneSimulator.Build.0 = Debug|iPhoneSimulator
		{8610D9F5-6512-41A5-BD2F-9DAEAA38911D}.Release|iPhone.ActiveCfg = Release|iPhone
		{8610D9F5-6512-41A5-BD2F-9DAEAA38911D}.Release|iPhone.Build.0 = Release|iPhone
		{8610D9F5-6512-41A5-BD2F-9DAEAA38911D}.Release|iPhoneSimulator.ActiveCfg = Release|iPhoneSimulator
		{8610D9F5-6512-41A5-BD2F-9DAEAA38911D}.Release|iPhoneSimulator.Build.0 = Release|iPhoneSimulator
		{8610D9F5-6512-41A5-BD2F-9DAEAA38911D}.Debug|iPhone.ActiveCfg = Debug|iPhone
		{8610D9F5-6512-41A5-BD2F-9DAEAA38911D}.Debug|iPhone.Build.0 = Debug|iPhone
		{33F1E859-A0A4-499B-B4EB-E23ADAE53621}.Debug|Any CPU.ActiveCfg = Debug|Any CPU
		{33F1E859-A0A4-499B-B4EB-E23ADAE53621}.Debug|Any CPU.Build.0 = Debug|Any CPU
		{33F1E859-A0A4-499B-B4EB-E23ADAE53621}.Release|Any CPU.ActiveCfg = Release|Any CPU
		{33F1E859-A0A4-499B-B4EB-E23ADAE53621}.Release|Any CPU.Build.0 = Release|Any CPU
		{33F1E859-A0A4-499B-B4EB-E23ADAE53621}.Debug|iPhoneSimulator.ActiveCfg = Debug|Any CPU
		{33F1E859-A0A4-499B-B4EB-E23ADAE53621}.Debug|iPhoneSimulator.Build.0 = Debug|Any CPU
		{33F1E859-A0A4-499B-B4EB-E23ADAE53621}.Release|iPhone.ActiveCfg = Release|Any CPU
		{33F1E859-A0A4-499B-B4EB-E23ADAE53621}.Release|iPhone.Build.0 = Release|Any CPU
		{33F1E859-A0A4-499B-B4EB-E23ADAE53621}.Release|iPhoneSimulator.ActiveCfg = Release|Any CPU
		{33F1E859-A0A4-499B-B4EB-E23ADAE53621}.Release|iPhoneSimulator.Build.0 = Release|Any CPU
		{33F1E859-A0A4-499B-B4EB-E23ADAE53621}.Debug|iPhone.ActiveCfg = Debug|Any CPU
		{33F1E859-A0A4-499B-B4EB-E23ADAE53621}.Debug|iPhone.Build.0 = Debug|Any CPU
		{A591D34F-F73C-46F0-8D72-F2BEA0E454D0}.Debug|Any CPU.ActiveCfg = Debug|Any CPU
		{A591D34F-F73C-46F0-8D72-F2BEA0E454D0}.Debug|Any CPU.Build.0 = Debug|Any CPU
		{A591D34F-F73C-46F0-8D72-F2BEA0E454D0}.Release|Any CPU.ActiveCfg = Release|Any CPU
		{A591D34F-F73C-46F0-8D72-F2BEA0E454D0}.Release|Any CPU.Build.0 = Release|Any CPU
		{A591D34F-F73C-46F0-8D72-F2BEA0E454D0}.Debug|iPhoneSimulator.ActiveCfg = Debug|Any CPU
		{A591D34F-F73C-46F0-8D72-F2BEA0E454D0}.Debug|iPhoneSimulator.Build.0 = Debug|Any CPU
		{A591D34F-F73C-46F0-8D72-F2BEA0E454D0}.Release|iPhone.ActiveCfg = Release|Any CPU
		{A591D34F-F73C-46F0-8D72-F2BEA0E454D0}.Release|iPhone.Build.0 = Release|Any CPU
		{A591D34F-F73C-46F0-8D72-F2BEA0E454D0}.Release|iPhoneSimulator.ActiveCfg = Release|Any CPU
		{A591D34F-F73C-46F0-8D72-F2BEA0E454D0}.Release|iPhoneSimulator.Build.0 = Release|Any CPU
		{A591D34F-F73C-46F0-8D72-F2BEA0E454D0}.Debug|iPhone.ActiveCfg = Debug|Any CPU
		{A591D34F-F73C-46F0-8D72-F2BEA0E454D0}.Debug|iPhone.Build.0 = Debug|Any CPU
		{90118A75-7F4C-4211-94B5-17E29A46E880}.Debug|Any CPU.ActiveCfg = Debug|Any CPU
		{90118A75-7F4C-4211-94B5-17E29A46E880}.Debug|Any CPU.Build.0 = Debug|Any CPU
		{90118A75-7F4C-4211-94B5-17E29A46E880}.Release|Any CPU.ActiveCfg = Release|Any CPU
		{90118A75-7F4C-4211-94B5-17E29A46E880}.Release|Any CPU.Build.0 = Release|Any CPU
		{90118A75-7F4C-4211-94B5-17E29A46E880}.Debug|iPhoneSimulator.ActiveCfg = Debug|Any CPU
		{90118A75-7F4C-4211-94B5-17E29A46E880}.Debug|iPhoneSimulator.Build.0 = Debug|Any CPU
		{90118A75-7F4C-4211-94B5-17E29A46E880}.Release|iPhone.ActiveCfg = Release|Any CPU
		{90118A75-7F4C-4211-94B5-17E29A46E880}.Release|iPhone.Build.0 = Release|Any CPU
		{90118A75-7F4C-4211-94B5-17E29A46E880}.Release|iPhoneSimulator.ActiveCfg = Release|Any CPU
		{90118A75-7F4C-4211-94B5-17E29A46E880}.Release|iPhoneSimulator.Build.0 = Release|Any CPU
		{90118A75-7F4C-4211-94B5-17E29A46E880}.Debug|iPhone.ActiveCfg = Debug|Any CPU
		{90118A75-7F4C-4211-94B5-17E29A46E880}.Debug|iPhone.Build.0 = Debug|Any CPU
		{ECFDEB68-019C-4D87-BC70-A2F951C1BC87}.Debug|Any CPU.ActiveCfg = Debug|Any CPU
		{ECFDEB68-019C-4D87-BC70-A2F951C1BC87}.Debug|Any CPU.Build.0 = Debug|Any CPU
		{ECFDEB68-019C-4D87-BC70-A2F951C1BC87}.Release|Any CPU.ActiveCfg = Release|Any CPU
		{ECFDEB68-019C-4D87-BC70-A2F951C1BC87}.Release|Any CPU.Build.0 = Release|Any CPU
		{ECFDEB68-019C-4D87-BC70-A2F951C1BC87}.Debug|iPhoneSimulator.ActiveCfg = Debug|Any CPU
		{ECFDEB68-019C-4D87-BC70-A2F951C1BC87}.Debug|iPhoneSimulator.Build.0 = Debug|Any CPU
		{ECFDEB68-019C-4D87-BC70-A2F951C1BC87}.Release|iPhone.ActiveCfg = Release|Any CPU
		{ECFDEB68-019C-4D87-BC70-A2F951C1BC87}.Release|iPhone.Build.0 = Release|Any CPU
		{ECFDEB68-019C-4D87-BC70-A2F951C1BC87}.Release|iPhoneSimulator.ActiveCfg = Release|Any CPU
		{ECFDEB68-019C-4D87-BC70-A2F951C1BC87}.Release|iPhoneSimulator.Build.0 = Release|Any CPU
		{ECFDEB68-019C-4D87-BC70-A2F951C1BC87}.Debug|iPhone.ActiveCfg = Debug|Any CPU
		{ECFDEB68-019C-4D87-BC70-A2F951C1BC87}.Debug|iPhone.Build.0 = Debug|Any CPU
	EndGlobalSection
	GlobalSection(NestedProjects) = preSolution
		{9870CE21-0A4B-4A02-80F5-2AF2BAA78478} = {3C34DE58-5C33-45F9-8785-34E027922950}
		{ED40D9F0-9051-4457-9606-7133B8F3658B} = {3C34DE58-5C33-45F9-8785-34E027922950}
		{566D5DE1-98C9-46AF-9BE3-DAE5BAE9C7EC} = {3C34DE58-5C33-45F9-8785-34E027922950}
		{3C34DE58-5C33-45F9-8785-34E027922950} = {6B5C1795-B070-42B6-941A-382EB1E923C1}
		{A3A95057-9909-4589-8B06-8D09CC695191} = {6B5C1795-B070-42B6-941A-382EB1E923C1}
		{8610D9F5-6512-41A5-BD2F-9DAEAA38911D} = {A3A95057-9909-4589-8B06-8D09CC695191}
		{ECFDEB68-019C-4D87-BC70-A2F951C1BC87} = {C0AB8D37-8776-4831-B3CE-48E800A9535D}
	EndGlobalSection
EndGlobal
